
Microsoft Visual Studio Solution File, Format Version 12.00
# Visual Studio Version 17
VisualStudioVersion = 17.9.34723.18
MinimumVisualStudioVersion = 10.0.40219.1
Project("{FAE04EC0-301F-11D3-BF4B-00C04F79EFBC}") = "ModuloMatriz", "ModuloMatriz\ModuloMatriz.csproj", "{72924A85-60C9-4454-BD37-3426BD12E214}"
EndProject
Global
	GlobalSection(SolutionConfigurationPlatforms) = preSolution
		Debug|Any CPU = Debug|Any CPU
		Release|Any CPU = Release|Any CPU
	EndGlobalSection
	GlobalSection(ProjectConfigurationPlatforms) = postSolution
		{72924A85-60C9-4454-BD37-3426BD12E214}.Debug|Any CPU.ActiveCfg = Debug|Any CPU
		{72924A85-60C9-4454-BD37-3426BD12E214}.Debug|Any CPU.Build.0 = Debug|Any CPU
		{72924A85-60C9-4454-BD37-3426BD12E214}.Release|Any CPU.ActiveCfg = Release|Any CPU
		{72924A85-60C9-4454-BD37-3426BD12E214}.Release|Any CPU.Build.0 = Release|Any CPU
	EndGlobalSection
	GlobalSection(SolutionProperties) = preSolution
		HideSolutionNode = FALSE
	EndGlobalSection
	GlobalSection(ExtensibilityGlobals) = postSolution
		SolutionGuid = {CE3C5923-A99D-460E-8803-3A5DF5CF4381}
	EndGlobalSection
EndGlobal
